
Microsoft Visual Studio Solution File, Format Version 12.00
# Visual Studio Version 16
VisualStudioVersion = 16.0.809.10
MinimumVisualStudioVersion = 10.0.40219.1
Project("{FAE04EC0-301F-11D3-BF4B-00C04F79EFBC}") = "Pomodoro", "Pomodoro\Pomodoro.csproj", "{D6F1892C-C26A-4A31-8674-79FD769A86C9}"
EndProject
Global
	GlobalSection(SolutionConfigurationPlatforms) = preSolution
		Debug|Any CPU = Debug|Any CPU
		Release|Any CPU = Release|Any CPU
	EndGlobalSection
	GlobalSection(ProjectConfigurationPlatforms) = postSolution
		{D6F1892C-C26A-4A31-8674-79FD769A86C9}.Debug|Any CPU.ActiveCfg = Debug|Any CPU
		{D6F1892C-C26A-4A31-8674-79FD769A86C9}.Debug|Any CPU.Build.0 = Debug|Any CPU
		{D6F1892C-C26A-4A31-8674-79FD769A86C9}.Release|Any CPU.ActiveCfg = Release|Any CPU
		{D6F1892C-C26A-4A31-8674-79FD769A86C9}.Release|Any CPU.Build.0 = Release|Any CPU
	EndGlobalSection
	GlobalSection(SolutionProperties) = preSolution
		HideSolutionNode = FALSE
	EndGlobalSection
	GlobalSection(ExtensibilityGlobals) = postSolution
		SolutionGuid = {945E71CE-0B73-41D0-9D92-2FF38ADF7FF3}
	EndGlobalSection
EndGlobal
